
Microsoft Visual Studio Solution File, Format Version 12.00
# Visual Studio 15
VisualStudioVersion = 15.0.28307.329
MinimumVisualStudioVersion = 10.0.40219.1
Project("{FAE04EC0-301F-11D3-BF4B-00C04F79EFBC}") = "NureTimetable.Android", "NureTimetable\NureTimetable.Android\NureTimetable.Android.csproj", "{24CE3C36-16B9-426D-AA0C-5961ECF8D88C}"
EndProject
Project("{9A19103F-16F7-4668-BE54-9A1E7A4F7556}") = "NureTimetable", "NureTimetable\NureTimetable\NureTimetable.csproj", "{BC352889-A149-44E4-854B-2D7FBCAE3AA3}"
EndProject
Project("{9A19103F-16F7-4668-BE54-9A1E7A4F7556}") = "NureTimetable.Services", "NureTimetable.Services\NureTimetable.Services.csproj", "{7C19C2E3-144F-4909-A3BA-282FED3EF282}"
EndProject
Project("{9A19103F-16F7-4668-BE54-9A1E7A4F7556}") = "NureTimetable.UI", "NureTimetable.UI\NureTimetable.UI.csproj", "{D06BF130-7991-445B-9B32-0BE8299EEE12}"
EndProject
Project("{9A19103F-16F7-4668-BE54-9A1E7A4F7556}") = "NureTimetable.Core", "NureTimetable.Core\NureTimetable.Core.csproj", "{7212568B-A874-4DDF-AA58-67A8D57D0F81}"
EndProject
Project("{FAE04EC0-301F-11D3-BF4B-00C04F79EFBC}") = "NureTimetable.DAL", "NureTimetable.DAL\NureTimetable.DAL.csproj", "{F54449F5-4F83-432F-AAB5-B7F624EA1F67}"
EndProject
Global
	GlobalSection(SolutionConfigurationPlatforms) = preSolution
		Debug|Any CPU = Debug|Any CPU
		Release|Any CPU = Release|Any CPU
	EndGlobalSection
	GlobalSection(ProjectConfigurationPlatforms) = postSolution
		{24CE3C36-16B9-426D-AA0C-5961ECF8D88C}.Debug|Any CPU.ActiveCfg = Debug|Any CPU
		{24CE3C36-16B9-426D-AA0C-5961ECF8D88C}.Debug|Any CPU.Build.0 = Debug|Any CPU
		{24CE3C36-16B9-426D-AA0C-5961ECF8D88C}.Debug|Any CPU.Deploy.0 = Debug|Any CPU
		{24CE3C36-16B9-426D-AA0C-5961ECF8D88C}.Release|Any CPU.ActiveCfg = Release|Any CPU
		{24CE3C36-16B9-426D-AA0C-5961ECF8D88C}.Release|Any CPU.Build.0 = Release|Any CPU
		{24CE3C36-16B9-426D-AA0C-5961ECF8D88C}.Release|Any CPU.Deploy.0 = Release|Any CPU
		{BC352889-A149-44E4-854B-2D7FBCAE3AA3}.Debug|Any CPU.ActiveCfg = Debug|Any CPU
		{BC352889-A149-44E4-854B-2D7FBCAE3AA3}.Debug|Any CPU.Build.0 = Debug|Any CPU
		{BC352889-A149-44E4-854B-2D7FBCAE3AA3}.Debug|Any CPU.Deploy.0 = Debug|Any CPU
		{BC352889-A149-44E4-854B-2D7FBCAE3AA3}.Release|Any CPU.ActiveCfg = Release|Any CPU
		{BC352889-A149-44E4-854B-2D7FBCAE3AA3}.Release|Any CPU.Build.0 = Release|Any CPU
		{BC352889-A149-44E4-854B-2D7FBCAE3AA3}.Release|Any CPU.Deploy.0 = Release|Any CPU
		{7C19C2E3-144F-4909-A3BA-282FED3EF282}.Debug|Any CPU.ActiveCfg = Debug|Any CPU
		{7C19C2E3-144F-4909-A3BA-282FED3EF282}.Debug|Any CPU.Build.0 = Debug|Any CPU
		{7C19C2E3-144F-4909-A3BA-282FED3EF282}.Release|Any CPU.ActiveCfg = Release|Any CPU
		{7C19C2E3-144F-4909-A3BA-282FED3EF282}.Release|Any CPU.Build.0 = Release|Any CPU
		{D06BF130-7991-445B-9B32-0BE8299EEE12}.Debug|Any CPU.ActiveCfg = Debug|Any CPU
		{D06BF130-7991-445B-9B32-0BE8299EEE12}.Debug|Any CPU.Build.0 = Debug|Any CPU
		{D06BF130-7991-445B-9B32-0BE8299EEE12}.Release|Any CPU.ActiveCfg = Release|Any CPU
		{D06BF130-7991-445B-9B32-0BE8299EEE12}.Release|Any CPU.Build.0 = Release|Any CPU
		{7212568B-A874-4DDF-AA58-67A8D57D0F81}.Debug|Any CPU.ActiveCfg = Debug|Any CPU
		{7212568B-A874-4DDF-AA58-67A8D57D0F81}.Debug|Any CPU.Build.0 = Debug|Any CPU
		{7212568B-A874-4DDF-AA58-67A8D57D0F81}.Release|Any CPU.ActiveCfg = Release|Any CPU
		{7212568B-A874-4DDF-AA58-67A8D57D0F81}.Release|Any CPU.Build.0 = Release|Any CPU
		{F54449F5-4F83-432F-AAB5-B7F624EA1F67}.Debug|Any CPU.ActiveCfg = Debug|Any CPU
		{F54449F5-4F83-432F-AAB5-B7F624EA1F67}.Debug|Any CPU.Build.0 = Debug|Any CPU
		{F54449F5-4F83-432F-AAB5-B7F624EA1F67}.Release|Any CPU.ActiveCfg = Release|Any CPU
		{F54449F5-4F83-432F-AAB5-B7F624EA1F67}.Release|Any CPU.Build.0 = Release|Any CPU
	EndGlobalSection
	GlobalSection(SolutionProperties) = preSolution
		HideSolutionNode = FALSE
	EndGlobalSection
	GlobalSection(ExtensibilityGlobals) = postSolution
		SolutionGuid = {9981F4F2-7A3A-4C38-8578-DADE3654169F}
	EndGlobalSection
EndGlobal
