
Microsoft Visual Studio Solution File, Format Version 12.00
# Visual Studio Version 16
VisualStudioVersion = 16.0.29326.143
MinimumVisualStudioVersion = 10.0.40219.1
Project("{FAE04EC0-301F-11D3-BF4B-00C04F79EFBC}") = "NureTimetable.Android", "NureTimetable\NureTimetable.Android\NureTimetable.Android.csproj", "{24CE3C36-16B9-426D-AA0C-5961ECF8D88C}"
EndProject
Project("{FAE04EC0-301F-11D3-BF4B-00C04F79EFBC}") = "NureTimetable.iOS", "NureTimetable\NureTimetable.iOS\NureTimetable.iOS.csproj", "{B1DC1FAD-D343-49CA-A967-147337AC5A99}"
EndProject
Project("{9A19103F-16F7-4668-BE54-9A1E7A4F7556}") = "NureTimetable", "NureTimetable\NureTimetable\NureTimetable.csproj", "{BC352889-A149-44E4-854B-2D7FBCAE3AA3}"
EndProject
Project("{9A19103F-16F7-4668-BE54-9A1E7A4F7556}") = "NureTimetable.Core", "NureTimetable.Core\NureTimetable.Core.csproj", "{7212568B-A874-4DDF-AA58-67A8D57D0F81}"
EndProject
Project("{9A19103F-16F7-4668-BE54-9A1E7A4F7556}") = "NureTimetable.DAL", "NureTimetable.DAL\NureTimetable.DAL.csproj", "{F54449F5-4F83-432F-AAB5-B7F624EA1F67}"
EndProject
Project("{2150E333-8FDC-42A3-9474-1A3956D46DE8}") = "Solution Items", "Solution Items", "{B72FE65B-89F9-4883-9CB9-3488FA1F3B93}"
	ProjectSection(SolutionItems) = preProject
		.editorconfig = .editorconfig
	EndProjectSection
EndProject
Global
	GlobalSection(SolutionConfigurationPlatforms) = preSolution
		Debug|Any CPU = Debug|Any CPU
		Debug|iPhone = Debug|iPhone
		Debug|iPhoneSimulator = Debug|iPhoneSimulator
		Release|Any CPU = Release|Any CPU
		Release|iPhone = Release|iPhone
		Release|iPhoneSimulator = Release|iPhoneSimulator
	EndGlobalSection
	GlobalSection(ProjectConfigurationPlatforms) = postSolution
		{24CE3C36-16B9-426D-AA0C-5961ECF8D88C}.Debug|Any CPU.ActiveCfg = Debug|Any CPU
		{24CE3C36-16B9-426D-AA0C-5961ECF8D88C}.Debug|Any CPU.Build.0 = Debug|Any CPU
		{24CE3C36-16B9-426D-AA0C-5961ECF8D88C}.Debug|Any CPU.Deploy.0 = Debug|Any CPU
		{24CE3C36-16B9-426D-AA0C-5961ECF8D88C}.Debug|iPhone.ActiveCfg = Debug|Any CPU
		{24CE3C36-16B9-426D-AA0C-5961ECF8D88C}.Debug|iPhone.Build.0 = Debug|Any CPU
		{24CE3C36-16B9-426D-AA0C-5961ECF8D88C}.Debug|iPhone.Deploy.0 = Debug|Any CPU
		{24CE3C36-16B9-426D-AA0C-5961ECF8D88C}.Debug|iPhoneSimulator.ActiveCfg = Debug|Any CPU
		{24CE3C36-16B9-426D-AA0C-5961ECF8D88C}.Debug|iPhoneSimulator.Build.0 = Debug|Any CPU
		{24CE3C36-16B9-426D-AA0C-5961ECF8D88C}.Debug|iPhoneSimulator.Deploy.0 = Debug|Any CPU
		{24CE3C36-16B9-426D-AA0C-5961ECF8D88C}.Release|Any CPU.ActiveCfg = Release|Any CPU
		{24CE3C36-16B9-426D-AA0C-5961ECF8D88C}.Release|Any CPU.Build.0 = Release|Any CPU
		{24CE3C36-16B9-426D-AA0C-5961ECF8D88C}.Release|Any CPU.Deploy.0 = Release|Any CPU
		{24CE3C36-16B9-426D-AA0C-5961ECF8D88C}.Release|iPhone.ActiveCfg = Release|Any CPU
		{24CE3C36-16B9-426D-AA0C-5961ECF8D88C}.Release|iPhone.Build.0 = Release|Any CPU
		{24CE3C36-16B9-426D-AA0C-5961ECF8D88C}.Release|iPhone.Deploy.0 = Release|Any CPU
		{24CE3C36-16B9-426D-AA0C-5961ECF8D88C}.Release|iPhoneSimulator.ActiveCfg = Release|Any CPU
		{24CE3C36-16B9-426D-AA0C-5961ECF8D88C}.Release|iPhoneSimulator.Build.0 = Release|Any CPU
		{24CE3C36-16B9-426D-AA0C-5961ECF8D88C}.Release|iPhoneSimulator.Deploy.0 = Release|Any CPU
		{BC352889-A149-44E4-854B-2D7FBCAE3AA3}.Debug|Any CPU.ActiveCfg = Debug|Any CPU
		{BC352889-A149-44E4-854B-2D7FBCAE3AA3}.Debug|Any CPU.Build.0 = Debug|Any CPU
		{BC352889-A149-44E4-854B-2D7FBCAE3AA3}.Debug|Any CPU.Deploy.0 = Debug|Any CPU
		{BC352889-A149-44E4-854B-2D7FBCAE3AA3}.Debug|iPhone.ActiveCfg = Debug|Any CPU
		{BC352889-A149-44E4-854B-2D7FBCAE3AA3}.Debug|iPhone.Build.0 = Debug|Any CPU
		{BC352889-A149-44E4-854B-2D7FBCAE3AA3}.Debug|iPhoneSimulator.ActiveCfg = Debug|Any CPU
		{BC352889-A149-44E4-854B-2D7FBCAE3AA3}.Debug|iPhoneSimulator.Build.0 = Debug|Any CPU
		{BC352889-A149-44E4-854B-2D7FBCAE3AA3}.Release|Any CPU.ActiveCfg = Release|Any CPU
		{BC352889-A149-44E4-854B-2D7FBCAE3AA3}.Release|Any CPU.Build.0 = Release|Any CPU
		{BC352889-A149-44E4-854B-2D7FBCAE3AA3}.Release|Any CPU.Deploy.0 = Release|Any CPU
		{BC352889-A149-44E4-854B-2D7FBCAE3AA3}.Release|iPhone.ActiveCfg = Release|Any CPU
		{BC352889-A149-44E4-854B-2D7FBCAE3AA3}.Release|iPhone.Build.0 = Release|Any CPU
		{BC352889-A149-44E4-854B-2D7FBCAE3AA3}.Release|iPhoneSimulator.ActiveCfg = Release|Any CPU
		{BC352889-A149-44E4-854B-2D7FBCAE3AA3}.Release|iPhoneSimulator.Build.0 = Release|Any CPU
		{7212568B-A874-4DDF-AA58-67A8D57D0F81}.Debug|Any CPU.ActiveCfg = Debug|Any CPU
		{7212568B-A874-4DDF-AA58-67A8D57D0F81}.Debug|Any CPU.Build.0 = Debug|Any CPU
		{7212568B-A874-4DDF-AA58-67A8D57D0F81}.Debug|iPhone.ActiveCfg = Debug|Any CPU
		{7212568B-A874-4DDF-AA58-67A8D57D0F81}.Debug|iPhone.Build.0 = Debug|Any CPU
		{7212568B-A874-4DDF-AA58-67A8D57D0F81}.Debug|iPhoneSimulator.ActiveCfg = Debug|Any CPU
		{7212568B-A874-4DDF-AA58-67A8D57D0F81}.Debug|iPhoneSimulator.Build.0 = Debug|Any CPU
		{7212568B-A874-4DDF-AA58-67A8D57D0F81}.Release|Any CPU.ActiveCfg = Release|Any CPU
		{7212568B-A874-4DDF-AA58-67A8D57D0F81}.Release|Any CPU.Build.0 = Release|Any CPU
		{7212568B-A874-4DDF-AA58-67A8D57D0F81}.Release|iPhone.ActiveCfg = Release|Any CPU
		{7212568B-A874-4DDF-AA58-67A8D57D0F81}.Release|iPhone.Build.0 = Release|Any CPU
		{7212568B-A874-4DDF-AA58-67A8D57D0F81}.Release|iPhoneSimulator.ActiveCfg = Release|Any CPU
		{7212568B-A874-4DDF-AA58-67A8D57D0F81}.Release|iPhoneSimulator.Build.0 = Release|Any CPU
		{F54449F5-4F83-432F-AAB5-B7F624EA1F67}.Debug|Any CPU.ActiveCfg = Debug|Any CPU
		{F54449F5-4F83-432F-AAB5-B7F624EA1F67}.Debug|Any CPU.Build.0 = Debug|Any CPU
		{F54449F5-4F83-432F-AAB5-B7F624EA1F67}.Debug|iPhone.ActiveCfg = Debug|Any CPU
		{F54449F5-4F83-432F-AAB5-B7F624EA1F67}.Debug|iPhone.Build.0 = Debug|Any CPU
		{F54449F5-4F83-432F-AAB5-B7F624EA1F67}.Debug|iPhoneSimulator.ActiveCfg = Debug|Any CPU
		{F54449F5-4F83-432F-AAB5-B7F624EA1F67}.Debug|iPhoneSimulator.Build.0 = Debug|Any CPU
		{F54449F5-4F83-432F-AAB5-B7F624EA1F67}.Release|Any CPU.ActiveCfg = Release|Any CPU
		{F54449F5-4F83-432F-AAB5-B7F624EA1F67}.Release|Any CPU.Build.0 = Release|Any CPU
		{F54449F5-4F83-432F-AAB5-B7F624EA1F67}.Release|iPhone.ActiveCfg = Release|Any CPU
		{F54449F5-4F83-432F-AAB5-B7F624EA1F67}.Release|iPhone.Build.0 = Release|Any CPU
		{F54449F5-4F83-432F-AAB5-B7F624EA1F67}.Release|iPhoneSimulator.ActiveCfg = Release|Any CPU
		{F54449F5-4F83-432F-AAB5-B7F624EA1F67}.Release|iPhoneSimulator.Build.0 = Release|Any CPU
		{B1DC1FAD-D343-49CA-A967-147337AC5A99}.Debug|Any CPU.ActiveCfg = Debug|iPhoneSimulator
		{B1DC1FAD-D343-49CA-A967-147337AC5A99}.Debug|iPhone.ActiveCfg = Debug|iPhone
		{B1DC1FAD-D343-49CA-A967-147337AC5A99}.Debug|iPhone.Build.0 = Debug|iPhone
		{B1DC1FAD-D343-49CA-A967-147337AC5A99}.Debug|iPhoneSimulator.ActiveCfg = Debug|iPhoneSimulator
		{B1DC1FAD-D343-49CA-A967-147337AC5A99}.Debug|iPhoneSimulator.Build.0 = Debug|iPhoneSimulator
		{B1DC1FAD-D343-49CA-A967-147337AC5A99}.Release|Any CPU.ActiveCfg = Release|iPhoneSimulator
		{B1DC1FAD-D343-49CA-A967-147337AC5A99}.Release|iPhone.ActiveCfg = Release|iPhone
		{B1DC1FAD-D343-49CA-A967-147337AC5A99}.Release|iPhone.Build.0 = Release|iPhone
		{B1DC1FAD-D343-49CA-A967-147337AC5A99}.Release|iPhoneSimulator.ActiveCfg = Release|iPhoneSimulator
		{B1DC1FAD-D343-49CA-A967-147337AC5A99}.Release|iPhoneSimulator.Build.0 = Release|iPhoneSimulator
	EndGlobalSection
	GlobalSection(SolutionProperties) = preSolution
		HideSolutionNode = FALSE
	EndGlobalSection
	GlobalSection(ExtensibilityGlobals) = postSolution
		SolutionGuid = {9981F4F2-7A3A-4C38-8578-DADE3654169F}
	EndGlobalSection
EndGlobal
